{
  "name": "ideathon-2024-stories-with-git",
  "version": "0.1.0",
  "lockfileVersion": 3,
  "requires": true,
  "packages": {
    "": {
      "name": "ideathon-2024-stories-with-git",
      "version": "0.1.0",
      "devDependencies": {
        "storymaps-file-manager": "file:../storymaps-file-manager"
      }
    },
    "../storymaps-file-manager": {
      "version": "0.1.0",
      "dev": true,
      "dependencies": {
        "@esri/arcgis-rest-portal": "^4.4.1",
        "@esri/arcgis-rest-request": "^4.2.3"
      },
      "bin": {
        "storymaps-file-manager": "bin.js"
      }
    },
    "node_modules/storymaps-file-manager": {
      "resolved": "../storymaps-file-manager",
      "link": true
    }
  }
}
